// !$*UTF8*$!
{
	archiveVersion = 1;
	classes = {
	};
	objectVersion = 50;
	objects = {

/* Begin PBXBuildFile section */
		6BA6366A221C8F9E0000FB86 /* AppDelegate.swift in Sources */ = {isa = PBXBuildFile; fileRef = 6BA63669221C8F9E0000FB86 /* AppDelegate.swift */; };
		6BA6366C221C8F9E0000FB86 /* HangmanViewController.swift in Sources */ = {isa = PBXBuildFile; fileRef = 6BA6366B221C8F9E0000FB86 /* HangmanViewController.swift */; };
		6BA6366F221C8F9E0000FB86 /* Main.storyboard in Resources */ = {isa = PBXBuildFile; fileRef = 6BA6366D221C8F9E0000FB86 /* Main.storyboard */; };
		6BA63671221C8FA00000FB86 /* Assets.xcassets in Resources */ = {isa = PBXBuildFile; fileRef = 6BA63670221C8FA00000FB86 /* Assets.xcassets */; };
		6BA63674221C8FA00000FB86 /* LaunchScreen.storyboard in Resources */ = {isa = PBXBuildFile; fileRef = 6BA63672221C8FA00000FB86 /* LaunchScreen.storyboard */; };
		9A360CC72357EC5E007DEE44 /* Phrases.plist in Resources */ = {isa = PBXBuildFile; fileRef = 9A360CC62357EC5E007DEE44 /* Phrases.plist */; };
		9A8C127B235A9661006FF94F /* Game.swift in Sources */ = {isa = PBXBuildFile; fileRef = 9A8C127A235A9661006FF94F /* Game.swift */; };
		9A8C127F235A974B006FF94F /* File.swift in Sources */ = {isa = PBXBuildFile; fileRef = 9A8C127E235A974B006FF94F /* File.swift */; };
/* End PBXBuildFile section */

/* Begin PBXFileReference section */
		6BA63666221C8F9E0000FB86 /* Hangman.app */ = {isa = PBXFileReference; explicitFileType = wrapper.application; includeInIndex = 0; path = Hangman.app; sourceTree = BUILT_PRODUCTS_DIR; };
		6BA63669221C8F9E0000FB86 /* AppDelegate.swift */ = {isa = PBXFileReference; lastKnownFileType = sourcecode.swift; path = AppDelegate.swift; sourceTree = "<group>"; };
		6BA6366B221C8F9E0000FB86 /* HangmanViewController.swift */ = {isa = PBXFileReference; lastKnownFileType = sourcecode.swift; path = HangmanViewController.swift; sourceTree = "<group>"; };
		6BA6366E221C8F9E0000FB86 /* Base */ = {isa = PBXFileReference; lastKnownFileType = file.storyboard; name = Base; path = Base.lproj/Main.storyboard; sourceTree = "<group>"; };
		6BA63670221C8FA00000FB86 /* Assets.xcassets */ = {isa = PBXFileReference; lastKnownFileType = folder.assetcatalog; path = Assets.xcassets; sourceTree = "<group>"; };
		6BA63673221C8FA00000FB86 /* Base */ = {isa = PBXFileReference; lastKnownFileType = file.storyboard; name = Base; path = Base.lproj/LaunchScreen.storyboard; sourceTree = "<group>"; };
		6BA63675221C8FA00000FB86 /* Info.plist */ = {isa = PBXFileReference; lastKnownFileType = text.plist.xml; path = Info.plist; sourceTree = "<group>"; };
		9A360CC62357EC5E007DEE44 /* Phrases.plist */ = {isa = PBXFileReference; lastKnownFileType = text.plist.xml; path = Phrases.plist; sourceTree = "<group>"; };
		9A8C127A235A9661006FF94F /* Game.swift */ = {isa = PBXFileReference; fileEncoding = 4; lastKnownFileType = sourcecode.swift; path = Game.swift; sourceTree = "<group>"; };
		9A8C127E235A974B006FF94F /* File.swift */ = {isa = PBXFileReference; lastKnownFileType = sourcecode.swift; path = File.swift; sourceTree = "<group>"; };
/* End PBXFileReference section */

/* Begin PBXFrameworksBuildPhase section */
		6BA63663221C8F9E0000FB86 /* Frameworks */ = {
			isa = PBXFrameworksBuildPhase;
			buildActionMask = 2147483647;
			files = (
			);
			runOnlyForDeploymentPostprocessing = 0;
		};
/* End PBXFrameworksBuildPhase section */

/* Begin PBXGroup section */
		6BA6365D221C8F9E0000FB86 = {
			isa = PBXGroup;
			children = (
				6BA63668221C8F9E0000FB86 /* Hangman */,
				6BA63667221C8F9E0000FB86 /* Products */,
			);
			sourceTree = "<group>";
		};
		6BA63667221C8F9E0000FB86 /* Products */ = {
			isa = PBXGroup;
			children = (
				6BA63666221C8F9E0000FB86 /* Hangman.app */,
			);
			name = Products;
			sourceTree = "<group>";
		};
		6BA63668221C8F9E0000FB86 /* Hangman */ = {
			isa = PBXGroup;
			children = (
				6BA6367B221C90F00000FB86 /* Model */,
				6BA6367C221C90F40000FB86 /* View */,
				6BA6367D221C91090000FB86 /* Controller */,
				6BA6367E221C912C0000FB86 /* Supporting Files */,
				6BA63675221C8FA00000FB86 /* Info.plist */,
			);
			path = Hangman;
			sourceTree = "<group>";
		};
		6BA6367B221C90F00000FB86 /* Model */ = {
			isa = PBXGroup;
			children = (
				9A360CC62357EC5E007DEE44 /* Phrases.plist */,
				9A8C127A235A9661006FF94F /* Game.swift */,
				9A8C127E235A974B006FF94F /* File.swift */,
			);
			path = Model;
			sourceTree = "<group>";
		};
		6BA6367C221C90F40000FB86 /* View */ = {
			isa = PBXGroup;
			children = (
				6BA6366D221C8F9E0000FB86 /* Main.storyboard */,
				6BA63672221C8FA00000FB86 /* LaunchScreen.storyboard */,
			);
			path = View;
			sourceTree = "<group>";
		};
		6BA6367D221C91090000FB86 /* Controller */ = {
			isa = PBXGroup;
			children = (
				6BA6366B221C8F9E0000FB86 /* HangmanViewController.swift */,
			);
			path = Controller;
			sourceTree = "<group>";
		};
		6BA6367E221C912C0000FB86 /* Supporting Files */ = {
			isa = PBXGroup;
			children = (
				6BA63669221C8F9E0000FB86 /* AppDelegate.swift */,
				6BA63670221C8FA00000FB86 /* Assets.xcassets */,
			);
			path = "Supporting Files";
			sourceTree = "<group>";
		};
/* End PBXGroup section */

/* Begin PBXNativeTarget section */
		6BA63665221C8F9E0000FB86 /* Hangman */ = {
			isa = PBXNativeTarget;
			buildConfigurationList = 6BA63678221C8FA00000FB86 /* Build configuration list for PBXNativeTarget "Hangman" */;
			buildPhases = (
				6BA63662221C8F9E0000FB86 /* Sources */,
				6BA63663221C8F9E0000FB86 /* Frameworks */,
				6BA63664221C8F9E0000FB86 /* Resources */,
			);
			buildRules = (
			);
			dependencies = (
			);
			name = Hangman;
			productName = Hangman;
			productReference = 6BA63666221C8F9E0000FB86 /* Hangman.app */;
			productType = "com.apple.product-type.application";
		};
/* End PBXNativeTarget section */

/* Begin PBXProject section */
		6BA6365E221C8F9E0000FB86 /* Project object */ = {
			isa = PBXProject;
			attributes = {
				LastSwiftUpdateCheck = 1010;
				LastUpgradeCheck = 1010;
				ORGANIZATIONNAME = iosdecal;
				TargetAttributes = {
					6BA63665221C8F9E0000FB86 = {
						CreatedOnToolsVersion = 10.1;
					};
				};
			};
			buildConfigurationList = 6BA63661221C8F9E0000FB86 /* Build configuration list for PBXProject "Hangman" */;
			compatibilityVersion = "Xcode 9.3";
			developmentRegion = en;
			hasScannedForEncodings = 0;
			knownRegions = (
				en,
				Base,
			);
			mainGroup = 6BA6365D221C8F9E0000FB86;
			productRefGroup = 6BA63667221C8F9E0000FB86 /* Products */;
			projectDirPath = "";
			projectRoot = "";
			targets = (
				6BA63665221C8F9E0000FB86 /* Hangman */,
			);
		};
/* End PBXProject section */

/* Begin PBXResourcesBuildPhase section */
		6BA63664221C8F9E0000FB86 /* Resources */ = {
			isa = PBXResourcesBuildPhase;
			buildActionMask = 2147483647;
			files = (
				6BA63674221C8FA00000FB86 /* LaunchScreen.storyboard in Resources */,
				6BA63671221C8FA00000FB86 /* Assets.xcassets in Resources */,
				9A360CC72357EC5E007DEE44 /* Phrases.plist in Resources */,
				6BA6366F221C8F9E0000FB86 /* Main.storyboard in Resources */,
			);
			runOnlyForDeploymentPostprocessing = 0;
		};
/* End PBXResourcesBuildPhase section */

/* Begin PBXSourcesBuildPhase section */
		6BA63662221C8F9E0000FB86 /* Sources */ = {
			isa = PBXSourcesBuildPhase;
			buildActionMask = 2147483647;
			files = (
				9A8C127F235A974B006FF94F /* File.swift in Sources */,
				6BA6366C221C8F9E0000FB86 /* HangmanViewController.swift in Sources */,
				9A8C127B235A9661006FF94F /* Game.swift in Sources */,
				6BA6366A221C8F9E0000FB86 /* AppDelegate.swift in Sources */,
			);
			runOnlyForDeploymentPostprocessing = 0;
		};
/* End PBXSourcesBuildPhase section */

/* Begin PBXVariantGroup section */
		6BA6366D221C8F9E0000FB86 /* Main.storyboard */ = {
			isa = PBXVariantGroup;
			children = (
				6BA6366E221C8F9E0000FB86 /* Base */,
			);
			name = Main.storyboard;
			sourceTree = "<group>";
		};
		6BA63672221C8FA00000FB86 /* LaunchScreen.storyboard */ = {
			isa = PBXVariantGroup;
			children = (
				6BA63673221C8FA00000FB86 /* Base */,
			);
			name = LaunchScreen.storyboard;
			sourceTree = "<group>";
		};
/* End PBXVariantGroup section */

/* Begin XCBuildConfiguration section */
		6BA63676221C8FA00000FB86 /* Debug */ = {
			isa = XCBuildConfiguration;
			buildSettings = {
				ALWAYS_SEARCH_USER_PATHS = NO;
				CLANG_ANALYZER_NONNULL = YES;
				CLANG_ANALYZER_NUMBER_OBJECT_CONVERSION = YES_AGGRESSIVE;
				CLANG_CXX_LANGUAGE_STANDARD = "gnu++14";
				CLANG_CXX_LIBRARY = "libc++";
				CLANG_ENABLE_MODULES = YES;
				CLANG_ENABLE_OBJC_ARC = YES;
				CLANG_ENABLE_OBJC_WEAK = YES;
				CLANG_WARN_BLOCK_CAPTURE_AUTORELEASING = YES;
				CLANG_WARN_BOOL_CONVERSION = YES;
				CLANG_WARN_COMMA = YES;
				CLANG_WARN_CONSTANT_CONVERSION = YES;
				CLANG_WARN_DEPRECATED_OBJC_IMPLEMENTATIONS = YES;
				CLANG_WARN_DIRECT_OBJC_ISA_USAGE = YES_ERROR;
				CLANG_WARN_DOCUMENTATION_COMMENTS = YES;
				CLANG_WARN_EMPTY_BODY = YES;
				CLANG_WARN_ENUM_CONVERSION = YES;
				CLANG_WARN_INFINITE_RECURSION = YES;
				CLANG_WARN_INT_CONVERSION = YES;
				CLANG_WARN_NON_LITERAL_NULL_CONVERSION = YES;
				CLANG_WARN_OBJC_IMPLICIT_RETAIN_SELF = YES;
				CLANG_WARN_OBJC_LITERAL_CONVERSION = YES;
				CLANG_WARN_OBJC_ROOT_CLASS = YES_ERROR;
				CLANG_WARN_RANGE_LOOP_ANALYSIS = YES;
				CLANG_WARN_STRICT_PROTOTYPES = YES;
				CLANG_WARN_SUSPICIOUS_MOVE = YES;
				CLANG_WARN_UNGUARDED_AVAILABILITY = YES_AGGRESSIVE;
				CLANG_WARN_UNREACHABLE_CODE = YES;
				CLANG_WARN__DUPLICATE_METHOD_MATCH = YES;
				CODE_SIGN_IDENTITY = "iPhone Developer";
				COPY_PHASE_STRIP = NO;
				DEBUG_INFORMATION_FORMAT = dwarf;
				ENABLE_STRICT_OBJC_MSGSEND = YES;
				ENABLE_TESTABILITY = YES;
				GCC_C_LANGUAGE_STANDARD = gnu11;
				GCC_DYNAMIC_NO_PIC = NO;
				GCC_NO_COMMON_BLOCKS = YES;
				GCC_OPTIMIZATION_LEVEL = 0;
				GCC_PREPROCESSOR_DEFINITIONS = (
					"DEBUG=1",
					"$(inherited)",
				);
				GCC_WARN_64_TO_32_BIT_CONVERSION = YES;
				GCC_WARN_ABOUT_RETURN_TYPE = YES_ERROR;
				GCC_WARN_UNDECLARED_SELECTOR = YES;
				GCC_WARN_UNINITIALIZED_AUTOS = YES_AGGRESSIVE;
				GCC_WARN_UNUSED_FUNCTION = YES;
				GCC_WARN_UNUSED_VARIABLE = YES;
				IPHONEOS_DEPLOYMENT_TARGET = 12.1;
				MTL_ENABLE_DEBUG_INFO = INCLUDE_SOURCE;
				MTL_FAST_MATH = YES;
				ONLY_ACTIVE_ARCH = YES;
				SDKROOT = iphoneos;
				SWIFT_ACTIVE_COMPILATION_CONDITIONS = DEBUG;
				SWIFT_OPTIMIZATION_LEVEL = "-Onone";
			};
			name = Debug;
		};
		6BA63677221C8FA00000FB86 /* Release */ = {
			isa = XCBuildConfiguration;
			buildSettings = {
				ALWAYS_SEARCH_USER_PATHS = NO;
				CLANG_ANALYZER_NONNULL = YES;
				CLANG_ANALYZER_NUMBER_OBJECT_CONVERSION = YES_AGGRESSIVE;
				CLANG_CXX_LANGUAGE_STANDARD = "gnu++14";
				CLANG_CXX_LIBRARY = "libc++";
				CLANG_ENABLE_MODULES = YES;
				CLANG_ENABLE_OBJC_ARC = YES;
				CLANG_ENABLE_OBJC_WEAK = YES;
				CLANG_WARN_BLOCK_CAPTURE_AUTORELEASING = YES;
				CLANG_WARN_BOOL_CONVERSION = YES;
				CLANG_WARN_COMMA = YES;
				CLANG_WARN_CONSTANT_CONVERSION = YES;
				CLANG_WARN_DEPRECATED_OBJC_IMPLEMENTATIONS = YES;
				CLANG_WARN_DIRECT_OBJC_ISA_USAGE = YES_ERROR;
				CLANG_WARN_DOCUMENTATION_COMMENTS = YES;
				CLANG_WARN_EMPTY_BODY = YES;
				CLANG_WARN_ENUM_CONVERSION = YES;
				CLANG_WARN_INFINITE_RECURSION = YES;
				CLANG_WARN_INT_CONVERSION = YES;
				CLANG_WARN_NON_LITERAL_NULL_CONVERSION = YES;
				CLANG_WARN_OBJC_IMPLICIT_RETAIN_SELF = YES;
				CLANG_WARN_OBJC_LITERAL_CONVERSION = YES;
				CLANG_WARN_OBJC_ROOT_CLASS = YES_ERROR;
				CLANG_WARN_RANGE_LOOP_ANALYSIS = YES;
				CLANG_WARN_STRICT_PROTOTYPES = YES;
				CLANG_WARN_SUSPICIOUS_MOVE = YES;
				CLANG_WARN_UNGUARDED_AVAILABILITY = YES_AGGRESSIVE;
				CLANG_WARN_UNREACHABLE_CODE = YES;
				CLANG_WARN__DUPLICATE_METHOD_MATCH = YES;
				CODE_SIGN_IDENTITY = "iPhone Developer";
				COPY_PHASE_STRIP = NO;
				DEBUG_INFORMATION_FORMAT = "dwarf-with-dsym";
				ENABLE_NS_ASSERTIONS = NO;
				ENABLE_STRICT_OBJC_MSGSEND = YES;
				GCC_C_LANGUAGE_STANDARD = gnu11;
				GCC_NO_COMMON_BLOCKS = YES;
				GCC_WARN_64_TO_32_BIT_CONVERSION = YES;
				GCC_WARN_ABOUT_RETURN_TYPE = YES_ERROR;
				GCC_WARN_UNDECLARED_SELECTOR = YES;
				GCC_WARN_UNINITIALIZED_AUTOS = YES_AGGRESSIVE;
				GCC_WARN_UNUSED_FUNCTION = YES;
				GCC_WARN_UNUSED_VARIABLE = YES;
				IPHONEOS_DEPLOYMENT_TARGET = 12.1;
				MTL_ENABLE_DEBUG_INFO = NO;
				MTL_FAST_MATH = YES;
				SDKROOT = iphoneos;
				SWIFT_COMPILATION_MODE = wholemodule;
				SWIFT_OPTIMIZATION_LEVEL = "-O";
				VALIDATE_PRODUCT = YES;
			};
			name = Release;
		};
		6BA63679221C8FA00000FB86 /* Debug */ = {
			isa = XCBuildConfiguration;
			buildSettings = {
				ASSETCATALOG_COMPILER_APPICON_NAME = AppIcon;
				CODE_SIGN_STYLE = Automatic;
				INFOPLIST_FILE = Hangman/Info.plist;
				LD_RUNPATH_SEARCH_PATHS = (
					"$(inherited)",
					"@executable_path/Frameworks",
				);
				PRODUCT_BUNDLE_IDENTIFIER = com.iosdecal.Hangman;
				PRODUCT_NAME = "$(TARGET_NAME)";
				SWIFT_VERSION = 4.2;
				TARGETED_DEVICE_FAMILY = "1,2";
			};
			name = Debug;
		};
		6BA6367A221C8FA00000FB86 /* Release */ = {
			isa = XCBuildConfiguration;
			buildSettings = {
				ASSETCATALOG_COMPILER_APPICON_NAME = AppIcon;
				CODE_SIGN_STYLE = Automatic;
				INFOPLIST_FILE = Hangman/Info.plist;
				LD_RUNPATH_SEARCH_PATHS = (
					"$(inherited)",
					"@executable_path/Frameworks",
				);
				PRODUCT_BUNDLE_IDENTIFIER = com.iosdecal.Hangman;
				PRODUCT_NAME = "$(TARGET_NAME)";
				SWIFT_VERSION = 4.2;
				TARGETED_DEVICE_FAMILY = "1,2";
			};
			name = Release;
		};
/* End XCBuildConfiguration section */

/* Begin XCConfigurationList section */
		6BA63661221C8F9E0000FB86 /* Build configuration list for PBXProject "Hangman" */ = {
			isa = XCConfigurationList;
			buildConfigurations = (
				6BA63676221C8FA00000FB86 /* Debug */,
				6BA63677221C8FA00000FB86 /* Release */,
			);
			defaultConfigurationIsVisible = 0;
			defaultConfigurationName = Release;
		};
		6BA63678221C8FA00000FB86 /* Build configuration list for PBXNativeTarget "Hangman" */ = {
			isa = XCConfigurationList;
			buildConfigurations = (
				6BA63679221C8FA00000FB86 /* Debug */,
				6BA6367A221C8FA00000FB86 /* Release */,
			);
			defaultConfigurationIsVisible = 0;
			defaultConfigurationName = Release;
		};
/* End XCConfigurationList section */
	};
	rootObject = 6BA6365E221C8F9E0000FB86 /* Project object */;
}
